
Microsoft Visual Studio Solution File, Format Version 12.00
# Visual Studio 15
VisualStudioVersion = 15.0.27428.2037
MinimumVisualStudioVersion = 10.0.40219.1
Project("{2150E333-8FDC-42A3-9474-1A3956D46DE8}") = "20181225", "20181225", "{7A608D3D-759F-481D-8957-29FD8890E5BB}"
EndProject
Project("{FAE04EC0-301F-11D3-BF4B-00C04F79EFBC}") = "EFDBFirst", "EFDBFirst\EFDBFirst.csproj", "{3C9669CA-34A4-4331-A3D3-6470488D4F90}"
EndProject
Project("{2150E333-8FDC-42A3-9474-1A3956D46DE8}") = "20181226", "20181226", "{77FF5D1C-901D-44DB-80FA-49AD9D39A582}"
EndProject
Project("{FAE04EC0-301F-11D3-BF4B-00C04F79EFBC}") = "EF_TemelCrudIslemleri", "EF_TemelCrudIslemleri\EF_TemelCrudIslemleri.csproj", "{7FD26A1E-4F78-49DC-86BE-A52E09F20AEB}"
EndProject
Project("{FAE04EC0-301F-11D3-BF4B-00C04F79EFBC}") = "AlisverisSepeti", "AlisverisSepeti\AlisverisSepeti.csproj", "{0D9F18F9-584D-4629-956C-ED5F5581DD50}"
EndProject
Project("{2150E333-8FDC-42A3-9474-1A3956D46DE8}") = "20181227", "20181227", "{BE9FBF24-AC8D-4B2F-BFB4-E7348F9318E7}"
EndProject
Project("{FAE04EC0-301F-11D3-BF4B-00C04F79EFBC}") = "EF_CF1", "EF_CF1\EF_CF1.csproj", "{55ADB73C-2D97-466C-8FC4-3F07EFDEDB92}"
EndProject
Global
	GlobalSection(SolutionConfigurationPlatforms) = preSolution
		Debug|Any CPU = Debug|Any CPU
		Release|Any CPU = Release|Any CPU
	EndGlobalSection
	GlobalSection(ProjectConfigurationPlatforms) = postSolution
		{3C9669CA-34A4-4331-A3D3-6470488D4F90}.Debug|Any CPU.ActiveCfg = Debug|Any CPU
		{3C9669CA-34A4-4331-A3D3-6470488D4F90}.Debug|Any CPU.Build.0 = Debug|Any CPU
		{3C9669CA-34A4-4331-A3D3-6470488D4F90}.Release|Any CPU.ActiveCfg = Release|Any CPU
		{3C9669CA-34A4-4331-A3D3-6470488D4F90}.Release|Any CPU.Build.0 = Release|Any CPU
		{7FD26A1E-4F78-49DC-86BE-A52E09F20AEB}.Debug|Any CPU.ActiveCfg = Debug|Any CPU
		{7FD26A1E-4F78-49DC-86BE-A52E09F20AEB}.Debug|Any CPU.Build.0 = Debug|Any CPU
		{7FD26A1E-4F78-49DC-86BE-A52E09F20AEB}.Release|Any CPU.ActiveCfg = Release|Any CPU
		{7FD26A1E-4F78-49DC-86BE-A52E09F20AEB}.Release|Any CPU.Build.0 = Release|Any CPU
		{0D9F18F9-584D-4629-956C-ED5F5581DD50}.Debug|Any CPU.ActiveCfg = Debug|Any CPU
		{0D9F18F9-584D-4629-956C-ED5F5581DD50}.Debug|Any CPU.Build.0 = Debug|Any CPU
		{0D9F18F9-584D-4629-956C-ED5F5581DD50}.Release|Any CPU.ActiveCfg = Release|Any CPU
		{0D9F18F9-584D-4629-956C-ED5F5581DD50}.Release|Any CPU.Build.0 = Release|Any CPU
		{55ADB73C-2D97-466C-8FC4-3F07EFDEDB92}.Debug|Any CPU.ActiveCfg = Debug|Any CPU
		{55ADB73C-2D97-466C-8FC4-3F07EFDEDB92}.Debug|Any CPU.Build.0 = Debug|Any CPU
		{55ADB73C-2D97-466C-8FC4-3F07EFDEDB92}.Release|Any CPU.ActiveCfg = Release|Any CPU
		{55ADB73C-2D97-466C-8FC4-3F07EFDEDB92}.Release|Any CPU.Build.0 = Release|Any CPU
	EndGlobalSection
	GlobalSection(SolutionProperties) = preSolution
		HideSolutionNode = FALSE
	EndGlobalSection
	GlobalSection(NestedProjects) = preSolution
		{3C9669CA-34A4-4331-A3D3-6470488D4F90} = {7A608D3D-759F-481D-8957-29FD8890E5BB}
		{7FD26A1E-4F78-49DC-86BE-A52E09F20AEB} = {77FF5D1C-901D-44DB-80FA-49AD9D39A582}
		{0D9F18F9-584D-4629-956C-ED5F5581DD50} = {77FF5D1C-901D-44DB-80FA-49AD9D39A582}
		{55ADB73C-2D97-466C-8FC4-3F07EFDEDB92} = {BE9FBF24-AC8D-4B2F-BFB4-E7348F9318E7}
	EndGlobalSection
	GlobalSection(ExtensibilityGlobals) = postSolution
		SolutionGuid = {02EE3A7B-507A-4119-A9A4-9E035DB3228B}
	EndGlobalSection
EndGlobal
